
Microsoft Visual Studio Solution File, Format Version 12.00
# Visual Studio Version 16
VisualStudioVersion = 16.0.29926.136
MinimumVisualStudioVersion = 10.0.40219.1
Project("{FAE04EC0-301F-11D3-BF4B-00C04F79EFBC}") = "FamilyBudget", "FamilyBudget\FamilyBudget.csproj", "{5A4F424E-6B53-46E4-9662-934A4F202CB6}"
EndProject
Global
	GlobalSection(SolutionConfigurationPlatforms) = preSolution
		Debug|Any CPU = Debug|Any CPU
		Release|Any CPU = Release|Any CPU
	EndGlobalSection
	GlobalSection(ProjectConfigurationPlatforms) = postSolution
		{5A4F424E-6B53-46E4-9662-934A4F202CB6}.Debug|Any CPU.ActiveCfg = Debug|Any CPU
		{5A4F424E-6B53-46E4-9662-934A4F202CB6}.Debug|Any CPU.Build.0 = Debug|Any CPU
		{5A4F424E-6B53-46E4-9662-934A4F202CB6}.Release|Any CPU.ActiveCfg = Release|Any CPU
		{5A4F424E-6B53-46E4-9662-934A4F202CB6}.Release|Any CPU.Build.0 = Release|Any CPU
	EndGlobalSection
	GlobalSection(SolutionProperties) = preSolution
		HideSolutionNode = FALSE
	EndGlobalSection
	GlobalSection(ExtensibilityGlobals) = postSolution
		SolutionGuid = {57E27ABF-4F84-4D94-A325-916A7B4C7CF3}
	EndGlobalSection
EndGlobal
